
Microsoft Visual Studio Solution File, Format Version 12.00
# Visual Studio 15
VisualStudioVersion = 15.0.26730.16
MinimumVisualStudioVersion = 10.0.40219.1
Project("{FAE04EC0-301F-11D3-BF4B-00C04F79EFBC}") = "CSharpWget", "CSharpWget\CSharpWget.csproj", "{395C50B7-4F85-4D3E-8029-2BA2E25BE8D0}"
EndProject
Global
	GlobalSection(SolutionConfigurationPlatforms) = preSolution
		Debug|Any CPU = Debug|Any CPU
		Release|Any CPU = Release|Any CPU
	EndGlobalSection
	GlobalSection(ProjectConfigurationPlatforms) = postSolution
		{395C50B7-4F85-4D3E-8029-2BA2E25BE8D0}.Debug|Any CPU.ActiveCfg = Debug|Any CPU
		{395C50B7-4F85-4D3E-8029-2BA2E25BE8D0}.Debug|Any CPU.Build.0 = Debug|Any CPU
		{395C50B7-4F85-4D3E-8029-2BA2E25BE8D0}.Release|Any CPU.ActiveCfg = Release|Any CPU
		{395C50B7-4F85-4D3E-8029-2BA2E25BE8D0}.Release|Any CPU.Build.0 = Release|Any CPU
	EndGlobalSection
	GlobalSection(SolutionProperties) = preSolution
		HideSolutionNode = FALSE
	EndGlobalSection
	GlobalSection(ExtensibilityGlobals) = postSolution
		SolutionGuid = {A04E31F2-412E-4EE1-9959-8B9839FAAAB2}
	EndGlobalSection
EndGlobal
